
Microsoft Visual Studio Solution File, Format Version 12.00
# Visual Studio 2012
Project("{FAE04EC0-301F-11D3-BF4B-00C04F79EFBC}") = "BFCAndroid", "BFCAndroid\BFCAndroid.csproj", "{2144C500-BBB2-4645-B34F-AC10B8094D63}"
EndProject
Project("{FAE04EC0-301F-11D3-BF4B-00C04F79EFBC}") = "BFCCoreAndroid", "BFCCore\BFCCoreAndroid.csproj", "{72AB7487-F669-42EA-BF85-1AEE0B60F2C1}"
EndProject
Global
	GlobalSection(SolutionConfigurationPlatforms) = preSolution
		Debug|Any CPU = Debug|Any CPU
		Release|Any CPU = Release|Any CPU
	EndGlobalSection
	GlobalSection(ProjectConfigurationPlatforms) = postSolution
		{2144C500-BBB2-4645-B34F-AC10B8094D63}.Debug|Any CPU.ActiveCfg = Debug|Any CPU
		{2144C500-BBB2-4645-B34F-AC10B8094D63}.Debug|Any CPU.Build.0 = Debug|Any CPU
		{2144C500-BBB2-4645-B34F-AC10B8094D63}.Debug|Any CPU.Deploy.0 = Debug|Any CPU
		{2144C500-BBB2-4645-B34F-AC10B8094D63}.Release|Any CPU.ActiveCfg = Release|Any CPU
		{2144C500-BBB2-4645-B34F-AC10B8094D63}.Release|Any CPU.Build.0 = Release|Any CPU
		{2144C500-BBB2-4645-B34F-AC10B8094D63}.Release|Any CPU.Deploy.0 = Release|Any CPU
		{72AB7487-F669-42EA-BF85-1AEE0B60F2C1}.Debug|Any CPU.ActiveCfg = Debug|Any CPU
		{72AB7487-F669-42EA-BF85-1AEE0B60F2C1}.Debug|Any CPU.Build.0 = Debug|Any CPU
		{72AB7487-F669-42EA-BF85-1AEE0B60F2C1}.Release|Any CPU.ActiveCfg = Release|Any CPU
		{72AB7487-F669-42EA-BF85-1AEE0B60F2C1}.Release|Any CPU.Build.0 = Release|Any CPU
	EndGlobalSection
	GlobalSection(SolutionProperties) = preSolution
		HideSolutionNode = FALSE
	EndGlobalSection
EndGlobal
